// !$*UTF8*$!
{
	archiveVersion = 1;
	classes = {
	};
	objectVersion = 50;
	objects = {

/* Begin PBXBuildFile section */
		6385252426F3344600766AD8 /* DetailViewController.swift in Sources */ = {isa = PBXBuildFile; fileRef = 6385252326F3344600766AD8 /* DetailViewController.swift */; };
		63A3208226F0BDF70062A13C /* AppDelegate.swift in Sources */ = {isa = PBXBuildFile; fileRef = 63A3208126F0BDF70062A13C /* AppDelegate.swift */; };
		63A3208426F0BDF70062A13C /* SceneDelegate.swift in Sources */ = {isa = PBXBuildFile; fileRef = 63A3208326F0BDF70062A13C /* SceneDelegate.swift */; };
		63A3208626F0BDF70062A13C /* ViewController.swift in Sources */ = {isa = PBXBuildFile; fileRef = 63A3208526F0BDF70062A13C /* ViewController.swift */; };
		63A3208926F0BDF70062A13C /* Main.storyboard in Resources */ = {isa = PBXBuildFile; fileRef = 63A3208726F0BDF70062A13C /* Main.storyboard */; };
		63A3208B26F0BDF90062A13C /* Assets.xcassets in Resources */ = {isa = PBXBuildFile; fileRef = 63A3208A26F0BDF90062A13C /* Assets.xcassets */; };
		63A3208E26F0BDF90062A13C /* LaunchScreen.storyboard in Resources */ = {isa = PBXBuildFile; fileRef = 63A3208C26F0BDF90062A13C /* LaunchScreen.storyboard */; };
		63A3209826F0D0570062A13C /* FilmCollectionViewCell.swift in Sources */ = {isa = PBXBuildFile; fileRef = 63A3209726F0D0570062A13C /* FilmCollectionViewCell.swift */; };
		63DE465F26F1E23C008EFE56 /* CustomImageView.swift in Sources */ = {isa = PBXBuildFile; fileRef = 63DE465E26F1E23C008EFE56 /* CustomImageView.swift */; };
		63DE466126F1FD50008EFE56 /* CategoryCollectionViewCell.swift in Sources */ = {isa = PBXBuildFile; fileRef = 63DE466026F1FD50008EFE56 /* CategoryCollectionViewCell.swift */; };
		63DE466326F2033C008EFE56 /* FilmPosterCollectionViewCell.swift in Sources */ = {isa = PBXBuildFile; fileRef = 63DE466226F2033C008EFE56 /* FilmPosterCollectionViewCell.swift */; };
/* End PBXBuildFile section */

/* Begin PBXFileReference section */
		6385252326F3344600766AD8 /* DetailViewController.swift */ = {isa = PBXFileReference; lastKnownFileType = sourcecode.swift; path = DetailViewController.swift; sourceTree = "<group>"; };
		63A3207E26F0BDF70062A13C /* exercise2films.app */ = {isa = PBXFileReference; explicitFileType = wrapper.application; includeInIndex = 0; path = exercise2films.app; sourceTree = BUILT_PRODUCTS_DIR; };
		63A3208126F0BDF70062A13C /* AppDelegate.swift */ = {isa = PBXFileReference; lastKnownFileType = sourcecode.swift; path = AppDelegate.swift; sourceTree = "<group>"; };
		63A3208326F0BDF70062A13C /* SceneDelegate.swift */ = {isa = PBXFileReference; lastKnownFileType = sourcecode.swift; path = SceneDelegate.swift; sourceTree = "<group>"; };
		63A3208526F0BDF70062A13C /* ViewController.swift */ = {isa = PBXFileReference; lastKnownFileType = sourcecode.swift; path = ViewController.swift; sourceTree = "<group>"; };
		63A3208826F0BDF70062A13C /* Base */ = {isa = PBXFileReference; lastKnownFileType = file.storyboard; name = Base; path = Base.lproj/Main.storyboard; sourceTree = "<group>"; };
		63A3208A26F0BDF90062A13C /* Assets.xcassets */ = {isa = PBXFileReference; lastKnownFileType = folder.assetcatalog; path = Assets.xcassets; sourceTree = "<group>"; };
		63A3208D26F0BDF90062A13C /* Base */ = {isa = PBXFileReference; lastKnownFileType = file.storyboard; name = Base; path = Base.lproj/LaunchScreen.storyboard; sourceTree = "<group>"; };
		63A3208F26F0BDF90062A13C /* Info.plist */ = {isa = PBXFileReference; lastKnownFileType = text.plist.xml; path = Info.plist; sourceTree = "<group>"; };
		63A3209726F0D0570062A13C /* FilmCollectionViewCell.swift */ = {isa = PBXFileReference; lastKnownFileType = sourcecode.swift; path = FilmCollectionViewCell.swift; sourceTree = "<group>"; };
		63DE465E26F1E23C008EFE56 /* CustomImageView.swift */ = {isa = PBXFileReference; lastKnownFileType = sourcecode.swift; path = CustomImageView.swift; sourceTree = "<group>"; };
		63DE466026F1FD50008EFE56 /* CategoryCollectionViewCell.swift */ = {isa = PBXFileReference; lastKnownFileType = sourcecode.swift; path = CategoryCollectionViewCell.swift; sourceTree = "<group>"; };
		63DE466226F2033C008EFE56 /* FilmPosterCollectionViewCell.swift */ = {isa = PBXFileReference; lastKnownFileType = sourcecode.swift; path = FilmPosterCollectionViewCell.swift; sourceTree = "<group>"; };
/* End PBXFileReference section */

/* Begin PBXFrameworksBuildPhase section */
		63A3207B26F0BDF70062A13C /* Frameworks */ = {
			isa = PBXFrameworksBuildPhase;
			buildActionMask = 2147483647;
			files = (
			);
			runOnlyForDeploymentPostprocessing = 0;
		};
/* End PBXFrameworksBuildPhase section */

/* Begin PBXGroup section */
		63A3207526F0BDF70062A13C = {
			isa = PBXGroup;
			children = (
				63A3208026F0BDF70062A13C /* exercise2films */,
				63A3207F26F0BDF70062A13C /* Products */,
			);
			sourceTree = "<group>";
		};
		63A3207F26F0BDF70062A13C /* Products */ = {
			isa = PBXGroup;
			children = (
				63A3207E26F0BDF70062A13C /* exercise2films.app */,
			);
			name = Products;
			sourceTree = "<group>";
		};
		63A3208026F0BDF70062A13C /* exercise2films */ = {
			isa = PBXGroup;
			children = (
				63A3208126F0BDF70062A13C /* AppDelegate.swift */,
				63A3208326F0BDF70062A13C /* SceneDelegate.swift */,
				63A3208526F0BDF70062A13C /* ViewController.swift */,
				63A3208726F0BDF70062A13C /* Main.storyboard */,
				63A3208A26F0BDF90062A13C /* Assets.xcassets */,
				63A3208C26F0BDF90062A13C /* LaunchScreen.storyboard */,
				63A3208F26F0BDF90062A13C /* Info.plist */,
				63A3209726F0D0570062A13C /* FilmCollectionViewCell.swift */,
				63DE465E26F1E23C008EFE56 /* CustomImageView.swift */,
				63DE466026F1FD50008EFE56 /* CategoryCollectionViewCell.swift */,
				63DE466226F2033C008EFE56 /* FilmPosterCollectionViewCell.swift */,
				6385252326F3344600766AD8 /* DetailViewController.swift */,
			);
			path = exercise2films;
			sourceTree = "<group>";
		};
/* End PBXGroup section */

/* Begin PBXNativeTarget section */
		63A3207D26F0BDF70062A13C /* exercise2films */ = {
			isa = PBXNativeTarget;
			buildConfigurationList = 63A3209226F0BDF90062A13C /* Build configuration list for PBXNativeTarget "exercise2films" */;
			buildPhases = (
				63A3207A26F0BDF70062A13C /* Sources */,
				63A3207B26F0BDF70062A13C /* Frameworks */,
				63A3207C26F0BDF70062A13C /* Resources */,
			);
			buildRules = (
			);
			dependencies = (
			);
			name = exercise2films;
			productName = exercise2films;
			productReference = 63A3207E26F0BDF70062A13C /* exercise2films.app */;
			productType = "com.apple.product-type.application";
		};
/* End PBXNativeTarget section */

/* Begin PBXProject section */
		63A3207626F0BDF70062A13C /* Project object */ = {
			isa = PBXProject;
			attributes = {
				LastSwiftUpdateCheck = 1250;
				LastUpgradeCheck = 1250;
				TargetAttributes = {
					63A3207D26F0BDF70062A13C = {
						CreatedOnToolsVersion = 12.5.1;
					};
				};
			};
			buildConfigurationList = 63A3207926F0BDF70062A13C /* Build configuration list for PBXProject "exercise2films" */;
			compatibilityVersion = "Xcode 9.3";
			developmentRegion = en;
			hasScannedForEncodings = 0;
			knownRegions = (
				en,
				Base,
			);
			mainGroup = 63A3207526F0BDF70062A13C;
			productRefGroup = 63A3207F26F0BDF70062A13C /* Products */;
			projectDirPath = "";
			projectRoot = "";
			targets = (
				63A3207D26F0BDF70062A13C /* exercise2films */,
			);
		};
/* End PBXProject section */

/* Begin PBXResourcesBuildPhase section */
		63A3207C26F0BDF70062A13C /* Resources */ = {
			isa = PBXResourcesBuildPhase;
			buildActionMask = 2147483647;
			files = (
				63A3208E26F0BDF90062A13C /* LaunchScreen.storyboard in Resources */,
				63A3208B26F0BDF90062A13C /* Assets.xcassets in Resources */,
				63A3208926F0BDF70062A13C /* Main.storyboard in Resources */,
			);
			runOnlyForDeploymentPostprocessing = 0;
		};
/* End PBXResourcesBuildPhase section */

/* Begin PBXSourcesBuildPhase section */
		63A3207A26F0BDF70062A13C /* Sources */ = {
			isa = PBXSourcesBuildPhase;
			buildActionMask = 2147483647;
			files = (
				63A3208626F0BDF70062A13C /* ViewController.swift in Sources */,
				63A3208226F0BDF70062A13C /* AppDelegate.swift in Sources */,
				63DE466326F2033C008EFE56 /* FilmPosterCollectionViewCell.swift in Sources */,
				63A3209826F0D0570062A13C /* FilmCollectionViewCell.swift in Sources */,
				63A3208426F0BDF70062A13C /* SceneDelegate.swift in Sources */,
				63DE466126F1FD50008EFE56 /* CategoryCollectionViewCell.swift in Sources */,
				63DE465F26F1E23C008EFE56 /* CustomImageView.swift in Sources */,
				6385252426F3344600766AD8 /* DetailViewController.swift in Sources */,
			);
			runOnlyForDeploymentPostprocessing = 0;
		};
/* End PBXSourcesBuildPhase section */

/* Begin PBXVariantGroup section */
		63A3208726F0BDF70062A13C /* Main.storyboard */ = {
			isa = PBXVariantGroup;
			children = (
				63A3208826F0BDF70062A13C /* Base */,
			);
			name = Main.storyboard;
			sourceTree = "<group>";
		};
		63A3208C26F0BDF90062A13C /* LaunchScreen.storyboard */ = {
			isa = PBXVariantGroup;
			children = (
				63A3208D26F0BDF90062A13C /* Base */,
			);
			name = LaunchScreen.storyboard;
			sourceTree = "<group>";
		};
/* End PBXVariantGroup section */

/* Begin XCBuildConfiguration section */
		63A3209026F0BDF90062A13C /* Debug */ = {
			isa = XCBuildConfiguration;
			buildSettings = {
				ALWAYS_SEARCH_USER_PATHS = NO;
				CLANG_ANALYZER_NONNULL = YES;
				CLANG_ANALYZER_NUMBER_OBJECT_CONVERSION = YES_AGGRESSIVE;
				CLANG_CXX_LANGUAGE_STANDARD = "gnu++14";
				CLANG_CXX_LIBRARY = "libc++";
				CLANG_ENABLE_MODULES = YES;
				CLANG_ENABLE_OBJC_ARC = YES;
				CLANG_ENABLE_OBJC_WEAK = YES;
				CLANG_WARN_BLOCK_CAPTURE_AUTORELEASING = YES;
				CLANG_WARN_BOOL_CONVERSION = YES;
				CLANG_WARN_COMMA = YES;
				CLANG_WARN_CONSTANT_CONVERSION = YES;
				CLANG_WARN_DEPRECATED_OBJC_IMPLEMENTATIONS = YES;
				CLANG_WARN_DIRECT_OBJC_ISA_USAGE = YES_ERROR;
				CLANG_WARN_DOCUMENTATION_COMMENTS = YES;
				CLANG_WARN_EMPTY_BODY = YES;
				CLANG_WARN_ENUM_CONVERSION = YES;
				CLANG_WARN_INFINITE_RECURSION = YES;
				CLANG_WARN_INT_CONVERSION = YES;
				CLANG_WARN_NON_LITERAL_NULL_CONVERSION = YES;
				CLANG_WARN_OBJC_IMPLICIT_RETAIN_SELF = YES;
				CLANG_WARN_OBJC_LITERAL_CONVERSION = YES;
				CLANG_WARN_OBJC_ROOT_CLASS = YES_ERROR;
				CLANG_WARN_QUOTED_INCLUDE_IN_FRAMEWORK_HEADER = YES;
				CLANG_WARN_RANGE_LOOP_ANALYSIS = YES;
				CLANG_WARN_STRICT_PROTOTYPES = YES;
				CLANG_WARN_SUSPICIOUS_MOVE = YES;
				CLANG_WARN_UNGUARDED_AVAILABILITY = YES_AGGRESSIVE;
				CLANG_WARN_UNREACHABLE_CODE = YES;
				CLANG_WARN__DUPLICATE_METHOD_MATCH = YES;
				COPY_PHASE_STRIP = NO;
				DEBUG_INFORMATION_FORMAT = dwarf;
				ENABLE_STRICT_OBJC_MSGSEND = YES;
				ENABLE_TESTABILITY = YES;
				GCC_C_LANGUAGE_STANDARD = gnu11;
				GCC_DYNAMIC_NO_PIC = NO;
				GCC_NO_COMMON_BLOCKS = YES;
				GCC_OPTIMIZATION_LEVEL = 0;
				GCC_PREPROCESSOR_DEFINITIONS = (
					"DEBUG=1",
					"$(inherited)",
				);
				GCC_WARN_64_TO_32_BIT_CONVERSION = YES;
				GCC_WARN_ABOUT_RETURN_TYPE = YES_ERROR;
				GCC_WARN_UNDECLARED_SELECTOR = YES;
				GCC_WARN_UNINITIALIZED_AUTOS = YES_AGGRESSIVE;
				GCC_WARN_UNUSED_FUNCTION = YES;
				GCC_WARN_UNUSED_VARIABLE = YES;
				IPHONEOS_DEPLOYMENT_TARGET = 14.5;
				MTL_ENABLE_DEBUG_INFO = INCLUDE_SOURCE;
				MTL_FAST_MATH = YES;
				ONLY_ACTIVE_ARCH = YES;
				SDKROOT = iphoneos;
				SWIFT_ACTIVE_COMPILATION_CONDITIONS = DEBUG;
				SWIFT_OPTIMIZATION_LEVEL = "-Onone";
			};
			name = Debug;
		};
		63A3209126F0BDF90062A13C /* Release */ = {
			isa = XCBuildConfiguration;
			buildSettings = {
				ALWAYS_SEARCH_USER_PATHS = NO;
				CLANG_ANALYZER_NONNULL = YES;
				CLANG_ANALYZER_NUMBER_OBJECT_CONVERSION = YES_AGGRESSIVE;
				CLANG_CXX_LANGUAGE_STANDARD = "gnu++14";
				CLANG_CXX_LIBRARY = "libc++";
				CLANG_ENABLE_MODULES = YES;
				CLANG_ENABLE_OBJC_ARC = YES;
				CLANG_ENABLE_OBJC_WEAK = YES;
				CLANG_WARN_BLOCK_CAPTURE_AUTORELEASING = YES;
				CLANG_WARN_BOOL_CONVERSION = YES;
				CLANG_WARN_COMMA = YES;
				CLANG_WARN_CONSTANT_CONVERSION = YES;
				CLANG_WARN_DEPRECATED_OBJC_IMPLEMENTATIONS = YES;
				CLANG_WARN_DIRECT_OBJC_ISA_USAGE = YES_ERROR;
				CLANG_WARN_DOCUMENTATION_COMMENTS = YES;
				CLANG_WARN_EMPTY_BODY = YES;
				CLANG_WARN_ENUM_CONVERSION = YES;
				CLANG_WARN_INFINITE_RECURSION = YES;
				CLANG_WARN_INT_CONVERSION = YES;
				CLANG_WARN_NON_LITERAL_NULL_CONVERSION = YES;
				CLANG_WARN_OBJC_IMPLICIT_RETAIN_SELF = YES;
				CLANG_WARN_OBJC_LITERAL_CONVERSION = YES;
				CLANG_WARN_OBJC_ROOT_CLASS = YES_ERROR;
				CLANG_WARN_QUOTED_INCLUDE_IN_FRAMEWORK_HEADER = YES;
				CLANG_WARN_RANGE_LOOP_ANALYSIS = YES;
				CLANG_WARN_STRICT_PROTOTYPES = YES;
				CLANG_WARN_SUSPICIOUS_MOVE = YES;
				CLANG_WARN_UNGUARDED_AVAILABILITY = YES_AGGRESSIVE;
				CLANG_WARN_UNREACHABLE_CODE = YES;
				CLANG_WARN__DUPLICATE_METHOD_MATCH = YES;
				COPY_PHASE_STRIP = NO;
				DEBUG_INFORMATION_FORMAT = "dwarf-with-dsym";
				ENABLE_NS_ASSERTIONS = NO;
				ENABLE_STRICT_OBJC_MSGSEND = YES;
				GCC_C_LANGUAGE_STANDARD = gnu11;
				GCC_NO_COMMON_BLOCKS = YES;
				GCC_WARN_64_TO_32_BIT_CONVERSION = YES;
				GCC_WARN_ABOUT_RETURN_TYPE = YES_ERROR;
				GCC_WARN_UNDECLARED_SELECTOR = YES;
				GCC_WARN_UNINITIALIZED_AUTOS = YES_AGGRESSIVE;
				GCC_WARN_UNUSED_FUNCTION = YES;
				GCC_WARN_UNUSED_VARIABLE = YES;
				IPHONEOS_DEPLOYMENT_TARGET = 14.5;
				MTL_ENABLE_DEBUG_INFO = NO;
				MTL_FAST_MATH = YES;
				SDKROOT = iphoneos;
				SWIFT_COMPILATION_MODE = wholemodule;
				SWIFT_OPTIMIZATION_LEVEL = "-O";
				VALIDATE_PRODUCT = YES;
			};
			name = Release;
		};
		63A3209326F0BDF90062A13C /* Debug */ = {
			isa = XCBuildConfiguration;
			buildSettings = {
				ASSETCATALOG_COMPILER_APPICON_NAME = AppIcon;
				ASSETCATALOG_COMPILER_GLOBAL_ACCENT_COLOR_NAME = AccentColor;
				CODE_SIGN_STYLE = Automatic;
				DEVELOPMENT_TEAM = 9929YLDJ5E;
				INFOPLIST_FILE = exercise2films/Info.plist;
				LD_RUNPATH_SEARCH_PATHS = (
					"$(inherited)",
					"@executable_path/Frameworks",
				);
				PRODUCT_BUNDLE_IDENTIFIER = com.vn.exercise2films;
				PRODUCT_NAME = "$(TARGET_NAME)";
				SWIFT_VERSION = 5.0;
				TARGETED_DEVICE_FAMILY = "1,2";
			};
			name = Debug;
		};
		63A3209426F0BDF90062A13C /* Release */ = {
			isa = XCBuildConfiguration;
			buildSettings = {
				ASSETCATALOG_COMPILER_APPICON_NAME = AppIcon;
				ASSETCATALOG_COMPILER_GLOBAL_ACCENT_COLOR_NAME = AccentColor;
				CODE_SIGN_STYLE = Automatic;
				DEVELOPMENT_TEAM = 9929YLDJ5E;
				INFOPLIST_FILE = exercise2films/Info.plist;
				LD_RUNPATH_SEARCH_PATHS = (
					"$(inherited)",
					"@executable_path/Frameworks",
				);
				PRODUCT_BUNDLE_IDENTIFIER = com.vn.exercise2films;
				PRODUCT_NAME = "$(TARGET_NAME)";
				SWIFT_VERSION = 5.0;
				TARGETED_DEVICE_FAMILY = "1,2";
			};
			name = Release;
		};
/* End XCBuildConfiguration section */

/* Begin XCConfigurationList section */
		63A3207926F0BDF70062A13C /* Build configuration list for PBXProject "exercise2films" */ = {
			isa = XCConfigurationList;
			buildConfigurations = (
				63A3209026F0BDF90062A13C /* Debug */,
				63A3209126F0BDF90062A13C /* Release */,
			);
			defaultConfigurationIsVisible = 0;
			defaultConfigurationName = Release;
		};
		63A3209226F0BDF90062A13C /* Build configuration list for PBXNativeTarget "exercise2films" */ = {
			isa = XCConfigurationList;
			buildConfigurations = (
				63A3209326F0BDF90062A13C /* Debug */,
				63A3209426F0BDF90062A13C /* Release */,
			);
			defaultConfigurationIsVisible = 0;
			defaultConfigurationName = Release;
		};
/* End XCConfigurationList section */
	};
	rootObject = 63A3207626F0BDF70062A13C /* Project object */;
}
